
Microsoft Visual Studio Solution File, Format Version 12.00
# Visual Studio 15
VisualStudioVersion = 15.0.28307.572
MinimumVisualStudioVersion = 10.0.40219.1
Project("{FAE04EC0-301F-11D3-BF4B-00C04F79EFBC}") = "SharpConnect.Data", "SharpConnect.Data.csproj", "{9AFB3F52-D37D-4FBA-AC0D-76D95AE956B0}"
EndProject
Project("{FAE04EC0-301F-11D3-BF4B-00C04F79EFBC}") = "Test01", "..\Test01\Test01.csproj", "{4C30DCAC-A269-4037-997C-0C60B420A6BA}"
EndProject
Global
	GlobalSection(SolutionConfigurationPlatforms) = preSolution
		Debug|Any CPU = Debug|Any CPU
		Release|Any CPU = Release|Any CPU
	EndGlobalSection
	GlobalSection(ProjectConfigurationPlatforms) = postSolution
		{9AFB3F52-D37D-4FBA-AC0D-76D95AE956B0}.Debug|Any CPU.ActiveCfg = Debug|Any CPU
		{9AFB3F52-D37D-4FBA-AC0D-76D95AE956B0}.Debug|Any CPU.Build.0 = Debug|Any CPU
		{9AFB3F52-D37D-4FBA-AC0D-76D95AE956B0}.Release|Any CPU.ActiveCfg = Release|Any CPU
		{9AFB3F52-D37D-4FBA-AC0D-76D95AE956B0}.Release|Any CPU.Build.0 = Release|Any CPU
		{4C30DCAC-A269-4037-997C-0C60B420A6BA}.Debug|Any CPU.ActiveCfg = Debug|Any CPU
		{4C30DCAC-A269-4037-997C-0C60B420A6BA}.Debug|Any CPU.Build.0 = Debug|Any CPU
		{4C30DCAC-A269-4037-997C-0C60B420A6BA}.Release|Any CPU.ActiveCfg = Release|Any CPU
		{4C30DCAC-A269-4037-997C-0C60B420A6BA}.Release|Any CPU.Build.0 = Release|Any CPU
	EndGlobalSection
	GlobalSection(SolutionProperties) = preSolution
		HideSolutionNode = FALSE
	EndGlobalSection
	GlobalSection(ExtensibilityGlobals) = postSolution
		SolutionGuid = {F214DC8A-0B84-4047-B75A-C0925284DA59}
	EndGlobalSection
EndGlobal
